Microsoft Visual Studio Solution File, Format Version 12.00
# Visual Studio 14
Project("{8BC9CEB8-8B4A-11D0-8D11-00A0C91BC942}") = "ALL_BUILD", "ALL_BUILD.vcxproj", "{1AFF4640-6E31-397F-8324-2571B43DD0D6}"
	ProjectSection(ProjectDependencies) = postProject
		{12966F2B-5C33-32CF-95BA-9EF30A61FD8F} = {12966F2B-5C33-32CF-95BA-9EF30A61FD8F}
		{645798F2-2412-3499-B7A3-05B22B9C5AA6} = {645798F2-2412-3499-B7A3-05B22B9C5AA6}
		{C35FDADD-94FB-3C7E-9B1C-3DB0D870A51F} = {C35FDADD-94FB-3C7E-9B1C-3DB0D870A51F}
		{B5E24A08-A146-3BD3-AE5F-2ACDAFD49E49} = {B5E24A08-A146-3BD3-AE5F-2ACDAFD49E49}
		{7675A642-0607-3A24-BFBC-95B61FC55BD0} = {7675A642-0607-3A24-BFBC-95B61FC55BD0}
		{9A3F180E-EE46-31DF-96FA-EAE07BC2D962} = {9A3F180E-EE46-31DF-96FA-EAE07BC2D962}
		{0F58A159-BD66-3453-A950-6D74AAA6C48C} = {0F58A159-BD66-3453-A950-6D74AAA6C48C}
		{3D96515E-2EC8-39EC-A2EC-ACAFA357BAA0} = {3D96515E-2EC8-39EC-A2EC-ACAFA357BAA0}
		{63C0EA29-C57D-3469-9D0C-29C0628B478D} = {63C0EA29-C57D-3469-9D0C-29C0628B478D}
		{8D3A3396-6644-3B8D-81F8-F9350F050A98} = {8D3A3396-6644-3B8D-81F8-F9350F050A98}
		{26C8922A-34CA-3A90-87F5-D3A576867A22} = {26C8922A-34CA-3A90-87F5-D3A576867A22}
		{5CDA082A-9FE2-3DB5-BD8F-EDE1594C3E69} = {5CDA082A-9FE2-3DB5-BD8F-EDE1594C3E69}
		{CF6984A6-4C0C-30FC-9FE5-F7749A2D3998} = {CF6984A6-4C0C-30FC-9FE5-F7749A2D3998}
		{71FB5011-0AD7-3D7F-900C-B3ED68426F99} = {71FB5011-0AD7-3D7F-900C-B3ED68426F99}
		{8253E44F-F052-35B2-AAB7-FAC2BB4C3604} = {8253E44F-F052-35B2-AAB7-FAC2BB4C3604}
		{1EFAFA19-B079-30E7-8E6C-0AF4024D25BE} = {1EFAFA19-B079-30E7-8E6C-0AF4024D25BE}
		{2385F9A6-4CE0-38E6-B605-3C64F0CF4E7E} = {2385F9A6-4CE0-38E6-B605-3C64F0CF4E7E}
		{ED6811E7-7887-3687-86B1-28FA7083B0D7} = {ED6811E7-7887-3687-86B1-28FA7083B0D7}
		{D5CA8A4E-8A9E-3E6D-8C79-6525BC7A4FA9} = {D5CA8A4E-8A9E-3E6D-8C79-6525BC7A4FA9}
		{642A7537-299B-322E-BE35-DF3292C59FD2} = {642A7537-299B-322E-BE35-DF3292C59FD2}
		{C531E3E3-7149-3BE4-9848-1AD0CF66D50A} = {C531E3E3-7149-3BE4-9848-1AD0CF66D50A}
		{BAC7E03A-D395-3B2A-B1EC-530C19307CFA} = {BAC7E03A-D395-3B2A-B1EC-530C19307CFA}
		{1DD85774-9875-3894-91AF-74AAD85F078C} = {1DD85774-9875-3894-91AF-74AAD85F078C}
		{247397D3-5161-3A5D-8C0E-232713E07BB9} = {247397D3-5161-3A5D-8C0E-232713E07BB9}
		{EBF8C6B6-C4C5-303A-806B-BE31BB930235} = {EBF8C6B6-C4C5-303A-806B-BE31BB930235}
		{8F224A0B-A593-3EFF-8257-47B48D36041B} = {8F224A0B-A593-3EFF-8257-47B48D36041B}
		{199BD601-5884-36FF-B1F2-DC61A1B06EA0} = {199BD601-5884-36FF-B1F2-DC61A1B06EA0}
		{735B144A-59B0-35B9-9E14-F02BCF016EB5} = {735B144A-59B0-35B9-9E14-F02BCF016EB5}
	EndProjectSection
EndProject
Project("{8BC9CEB8-8B4A-11D0-8D11-00A0C91BC942}") = "Continuous", "Continuous.vcxproj", "{AB301A41-3EFD-3827-B443-00F10B970C13}"
	ProjectSection(ProjectDependencies) = postProject
		{12966F2B-5C33-32CF-95BA-9EF30A61FD8F} = {12966F2B-5C33-32CF-95BA-9EF30A61FD8F}
	EndProjectSection
EndProject
Project("{8BC9CEB8-8B4A-11D0-8D11-00A0C91BC942}") = "Experimental", "Experimental.vcxproj", "{D010AC94-8398-3932-8EF4-1781AA8BA149}"
	ProjectSection(ProjectDependencies) = postProject
		{12966F2B-5C33-32CF-95BA-9EF30A61FD8F} = {12966F2B-5C33-32CF-95BA-9EF30A61FD8F}
	EndProjectSection
EndProject
Project("{8BC9CEB8-8B4A-11D0-8D11-00A0C91BC942}") = "INSTALL", "INSTALL.vcxproj", "{53A3629A-DB60-394A-9240-679F174692E5}"
	ProjectSection(ProjectDependencies) = postProject
		{1AFF4640-6E31-397F-8324-2571B43DD0D6} = {1AFF4640-6E31-397F-8324-2571B43DD0D6}
		{12966F2B-5C33-32CF-95BA-9EF30A61FD8F} = {12966F2B-5C33-32CF-95BA-9EF30A61FD8F}
	EndProjectSection
EndProject
Project("{8BC9CEB8-8B4A-11D0-8D11-00A0C91BC942}") = "Nightly", "Nightly.vcxproj", "{E23351D9-D661-3CA2-B184-A251C2C58574}"
	ProjectSection(ProjectDependencies) = postProject
		{12966F2B-5C33-32CF-95BA-9EF30A61FD8F} = {12966F2B-5C33-32CF-95BA-9EF30A61FD8F}
	EndProjectSection
EndProject
Project("{8BC9CEB8-8B4A-11D0-8D11-00A0C91BC942}") = "NightlyMemoryCheck", "NightlyMemoryCheck.vcxproj", "{8958CCEC-467F-37AF-9999-8A7EAB613A01}"
	ProjectSection(ProjectDependencies) = postProject
		{12966F2B-5C33-32CF-95BA-9EF30A61FD8F} = {12966F2B-5C33-32CF-95BA-9EF30A61FD8F}
	EndProjectSection
EndProject
Project("{8BC9CEB8-8B4A-11D0-8D11-00A0C91BC942}") = "PACKAGE", "PACKAGE.vcxproj", "{86B8D037-AA35-3854-B78F-8264C4D4489F}"
	ProjectSection(ProjectDependencies) = postProject
		{1AFF4640-6E31-397F-8324-2571B43DD0D6} = {1AFF4640-6E31-397F-8324-2571B43DD0D6}
		{12966F2B-5C33-32CF-95BA-9EF30A61FD8F} = {12966F2B-5C33-32CF-95BA-9EF30A61FD8F}
	EndProjectSection
EndProject
Project("{8BC9CEB8-8B4A-11D0-8D11-00A0C91BC942}") = "RUN_TESTS", "RUN_TESTS.vcxproj", "{20348E72-BA70-3F0C-8E03-D7F8D5027A4D}"
	ProjectSection(ProjectDependencies) = postProject
		{12966F2B-5C33-32CF-95BA-9EF30A61FD8F} = {12966F2B-5C33-32CF-95BA-9EF30A61FD8F}
	EndProjectSection
EndProject
Project("{8BC9CEB8-8B4A-11D0-8D11-00A0C91BC942}") = "ZERO_CHECK", "ZERO_CHECK.vcxproj", "{12966F2B-5C33-32CF-95BA-9EF30A61FD8F}"
	ProjectSection(ProjectDependencies) = postProject
	EndProjectSection
EndProject
Project("{8BC9CEB8-8B4A-11D0-8D11-00A0C91BC942}") = "distcheck", "distcheck.vcxproj", "{928655AC-1DF7-39E9-9EFE-8FDAD299B161}"
	ProjectSection(ProjectDependencies) = postProject
		{12966F2B-5C33-32CF-95BA-9EF30A61FD8F} = {12966F2B-5C33-32CF-95BA-9EF30A61FD8F}
	EndProjectSection
EndProject
Project("{8BC9CEB8-8B4A-11D0-8D11-00A0C91BC942}") = "json-c", "json-c.vcxproj", "{645798F2-2412-3499-B7A3-05B22B9C5AA6}"
	ProjectSection(ProjectDependencies) = postProject
		{12966F2B-5C33-32CF-95BA-9EF30A61FD8F} = {12966F2B-5C33-32CF-95BA-9EF30A61FD8F}
	EndProjectSection
EndProject
Project("{8BC9CEB8-8B4A-11D0-8D11-00A0C91BC942}") = "json-c-static", "json-c-static.vcxproj", "{C35FDADD-94FB-3C7E-9B1C-3DB0D870A51F}"
	ProjectSection(ProjectDependencies) = postProject
		{12966F2B-5C33-32CF-95BA-9EF30A61FD8F} = {12966F2B-5C33-32CF-95BA-9EF30A61FD8F}
	EndProjectSection
EndProject
Project("{8BC9CEB8-8B4A-11D0-8D11-00A0C91BC942}") = "test1", "tests\test1.vcxproj", "{B5E24A08-A146-3BD3-AE5F-2ACDAFD49E49}"
	ProjectSection(ProjectDependencies) = postProject
		{12966F2B-5C33-32CF-95BA-9EF30A61FD8F} = {12966F2B-5C33-32CF-95BA-9EF30A61FD8F}
		{645798F2-2412-3499-B7A3-05B22B9C5AA6} = {645798F2-2412-3499-B7A3-05B22B9C5AA6}
	EndProjectSection
EndProject
Project("{8BC9CEB8-8B4A-11D0-8D11-00A0C91BC942}") = "test1Formatted", "tests\test1Formatted.vcxproj", "{7675A642-0607-3A24-BFBC-95B61FC55BD0}"
	ProjectSection(ProjectDependencies) = postProject
		{12966F2B-5C33-32CF-95BA-9EF30A61FD8F} = {12966F2B-5C33-32CF-95BA-9EF30A61FD8F}
		{645798F2-2412-3499-B7A3-05B22B9C5AA6} = {645798F2-2412-3499-B7A3-05B22B9C5AA6}
	EndProjectSection
EndProject
Project("{8BC9CEB8-8B4A-11D0-8D11-00A0C91BC942}") = "test2", "tests\test2.vcxproj", "{9A3F180E-EE46-31DF-96FA-EAE07BC2D962}"
	ProjectSection(ProjectDependencies) = postProject
		{12966F2B-5C33-32CF-95BA-9EF30A61FD8F} = {12966F2B-5C33-32CF-95BA-9EF30A61FD8F}
		{645798F2-2412-3499-B7A3-05B22B9C5AA6} = {645798F2-2412-3499-B7A3-05B22B9C5AA6}
	EndProjectSection
EndProject
Project("{8BC9CEB8-8B4A-11D0-8D11-00A0C91BC942}") = "test2Formatted", "tests\test2Formatted.vcxproj", "{0F58A159-BD66-3453-A950-6D74AAA6C48C}"
	ProjectSection(ProjectDependencies) = postProject
		{12966F2B-5C33-32CF-95BA-9EF30A61FD8F} = {12966F2B-5C33-32CF-95BA-9EF30A61FD8F}
		{645798F2-2412-3499-B7A3-05B22B9C5AA6} = {645798F2-2412-3499-B7A3-05B22B9C5AA6}
	EndProjectSection
EndProject
Project("{8BC9CEB8-8B4A-11D0-8D11-00A0C91BC942}") = "test4", "tests\test4.vcxproj", "{3D96515E-2EC8-39EC-A2EC-ACAFA357BAA0}"
	ProjectSection(ProjectDependencies) = postProject
		{12966F2B-5C33-32CF-95BA-9EF30A61FD8F} = {12966F2B-5C33-32CF-95BA-9EF30A61FD8F}
		{645798F2-2412-3499-B7A3-05B22B9C5AA6} = {645798F2-2412-3499-B7A3-05B22B9C5AA6}
	EndProjectSection
EndProject
Project("{8BC9CEB8-8B4A-11D0-8D11-00A0C91BC942}") = "testReplaceExisting", "tests\testReplaceExisting.vcxproj", "{63C0EA29-C57D-3469-9D0C-29C0628B478D}"
	ProjectSection(ProjectDependencies) = postProject
		{12966F2B-5C33-32CF-95BA-9EF30A61FD8F} = {12966F2B-5C33-32CF-95BA-9EF30A61FD8F}
		{645798F2-2412-3499-B7A3-05B22B9C5AA6} = {645798F2-2412-3499-B7A3-05B22B9C5AA6}
	EndProjectSection
EndProject
Project("{8BC9CEB8-8B4A-11D0-8D11-00A0C91BC942}") = "test_cast", "tests\test_cast.vcxproj", "{8D3A3396-6644-3B8D-81F8-F9350F050A98}"
	ProjectSection(ProjectDependencies) = postProject
		{12966F2B-5C33-32CF-95BA-9EF30A61FD8F} = {12966F2B-5C33-32CF-95BA-9EF30A61FD8F}
		{645798F2-2412-3499-B7A3-05B22B9C5AA6} = {645798F2-2412-3499-B7A3-05B22B9C5AA6}
	EndProjectSection
EndProject
Project("{8BC9CEB8-8B4A-11D0-8D11-00A0C91BC942}") = "test_charcase", "tests\test_charcase.vcxproj", "{26C8922A-34CA-3A90-87F5-D3A576867A22}"
	ProjectSection(ProjectDependencies) = postProject
		{12966F2B-5C33-32CF-95BA-9EF30A61FD8F} = {12966F2B-5C33-32CF-95BA-9EF30A61FD8F}
		{645798F2-2412-3499-B7A3-05B22B9C5AA6} = {645798F2-2412-3499-B7A3-05B22B9C5AA6}
	EndProjectSection
EndProject
Project("{8BC9CEB8-8B4A-11D0-8D11-00A0C91BC942}") = "test_compare", "tests\test_compare.vcxproj", "{5CDA082A-9FE2-3DB5-BD8F-EDE1594C3E69}"
	ProjectSection(ProjectDependencies) = postProject
		{12966F2B-5C33-32CF-95BA-9EF30A61FD8F} = {12966F2B-5C33-32CF-95BA-9EF30A61FD8F}
		{645798F2-2412-3499-B7A3-05B22B9C5AA6} = {645798F2-2412-3499-B7A3-05B22B9C5AA6}
	EndProjectSection
EndProject
Project("{8BC9CEB8-8B4A-11D0-8D11-00A0C91BC942}") = "test_deep_copy", "tests\test_deep_copy.vcxproj", "{CF6984A6-4C0C-30FC-9FE5-F7749A2D3998}"
	ProjectSection(ProjectDependencies) = postProject
		{12966F2B-5C33-32CF-95BA-9EF30A61FD8F} = {12966F2B-5C33-32CF-95BA-9EF30A61FD8F}
		{645798F2-2412-3499-B7A3-05B22B9C5AA6} = {645798F2-2412-3499-B7A3-05B22B9C5AA6}
	EndProjectSection
EndProject
Project("{8BC9CEB8-8B4A-11D0-8D11-00A0C91BC942}") = "test_double_serializer", "tests\test_double_serializer.vcxproj", "{71FB5011-0AD7-3D7F-900C-B3ED68426F99}"
	ProjectSection(ProjectDependencies) = postProject
		{12966F2B-5C33-32CF-95BA-9EF30A61FD8F} = {12966F2B-5C33-32CF-95BA-9EF30A61FD8F}
		{645798F2-2412-3499-B7A3-05B22B9C5AA6} = {645798F2-2412-3499-B7A3-05B22B9C5AA6}
	EndProjectSection
EndProject
Project("{8BC9CEB8-8B4A-11D0-8D11-00A0C91BC942}") = "test_float", "tests\test_float.vcxproj", "{8253E44F-F052-35B2-AAB7-FAC2BB4C3604}"
	ProjectSection(ProjectDependencies) = postProject
		{12966F2B-5C33-32CF-95BA-9EF30A61FD8F} = {12966F2B-5C33-32CF-95BA-9EF30A61FD8F}
		{645798F2-2412-3499-B7A3-05B22B9C5AA6} = {645798F2-2412-3499-B7A3-05B22B9C5AA6}
	EndProjectSection
EndProject
Project("{8BC9CEB8-8B4A-11D0-8D11-00A0C91BC942}") = "test_int_add", "tests\test_int_add.vcxproj", "{1EFAFA19-B079-30E7-8E6C-0AF4024D25BE}"
	ProjectSection(ProjectDependencies) = postProject
		{12966F2B-5C33-32CF-95BA-9EF30A61FD8F} = {12966F2B-5C33-32CF-95BA-9EF30A61FD8F}
		{645798F2-2412-3499-B7A3-05B22B9C5AA6} = {645798F2-2412-3499-B7A3-05B22B9C5AA6}
	EndProjectSection
EndProject
Project("{8BC9CEB8-8B4A-11D0-8D11-00A0C91BC942}") = "test_json_pointer", "tests\test_json_pointer.vcxproj", "{2385F9A6-4CE0-38E6-B605-3C64F0CF4E7E}"
	ProjectSection(ProjectDependencies) = postProject
		{12966F2B-5C33-32CF-95BA-9EF30A61FD8F} = {12966F2B-5C33-32CF-95BA-9EF30A61FD8F}
		{645798F2-2412-3499-B7A3-05B22B9C5AA6} = {645798F2-2412-3499-B7A3-05B22B9C5AA6}
	EndProjectSection
EndProject
Project("{8BC9CEB8-8B4A-11D0-8D11-00A0C91BC942}") = "test_locale", "tests\test_locale.vcxproj", "{ED6811E7-7887-3687-86B1-28FA7083B0D7}"
	ProjectSection(ProjectDependencies) = postProject
		{12966F2B-5C33-32CF-95BA-9EF30A61FD8F} = {12966F2B-5C33-32CF-95BA-9EF30A61FD8F}
		{645798F2-2412-3499-B7A3-05B22B9C5AA6} = {645798F2-2412-3499-B7A3-05B22B9C5AA6}
	EndProjectSection
EndProject
Project("{8BC9CEB8-8B4A-11D0-8D11-00A0C91BC942}") = "test_null", "tests\test_null.vcxproj", "{D5CA8A4E-8A9E-3E6D-8C79-6525BC7A4FA9}"
	ProjectSection(ProjectDependencies) = postProject
		{12966F2B-5C33-32CF-95BA-9EF30A61FD8F} = {12966F2B-5C33-32CF-95BA-9EF30A61FD8F}
		{645798F2-2412-3499-B7A3-05B22B9C5AA6} = {645798F2-2412-3499-B7A3-05B22B9C5AA6}
	EndProjectSection
EndProject
Project("{8BC9CEB8-8B4A-11D0-8D11-00A0C91BC942}") = "test_object_iterator", "tests\test_object_iterator.vcxproj", "{642A7537-299B-322E-BE35-DF3292C59FD2}"
	ProjectSection(ProjectDependencies) = postProject
		{12966F2B-5C33-32CF-95BA-9EF30A61FD8F} = {12966F2B-5C33-32CF-95BA-9EF30A61FD8F}
		{645798F2-2412-3499-B7A3-05B22B9C5AA6} = {645798F2-2412-3499-B7A3-05B22B9C5AA6}
	EndProjectSection
EndProject
Project("{8BC9CEB8-8B4A-11D0-8D11-00A0C91BC942}") = "test_parse", "tests\test_parse.vcxproj", "{C531E3E3-7149-3BE4-9848-1AD0CF66D50A}"
	ProjectSection(ProjectDependencies) = postProject
		{12966F2B-5C33-32CF-95BA-9EF30A61FD8F} = {12966F2B-5C33-32CF-95BA-9EF30A61FD8F}
		{645798F2-2412-3499-B7A3-05B22B9C5AA6} = {645798F2-2412-3499-B7A3-05B22B9C5AA6}
	EndProjectSection
EndProject
Project("{8BC9CEB8-8B4A-11D0-8D11-00A0C91BC942}") = "test_parse_int64", "tests\test_parse_int64.vcxproj", "{BAC7E03A-D395-3B2A-B1EC-530C19307CFA}"
	ProjectSection(ProjectDependencies) = postProject
		{12966F2B-5C33-32CF-95BA-9EF30A61FD8F} = {12966F2B-5C33-32CF-95BA-9EF30A61FD8F}
		{645798F2-2412-3499-B7A3-05B22B9C5AA6} = {645798F2-2412-3499-B7A3-05B22B9C5AA6}
	EndProjectSection
EndProject
Project("{8BC9CEB8-8B4A-11D0-8D11-00A0C91BC942}") = "test_printbuf", "tests\test_printbuf.vcxproj", "{1DD85774-9875-3894-91AF-74AAD85F078C}"
	ProjectSection(ProjectDependencies) = postProject
		{12966F2B-5C33-32CF-95BA-9EF30A61FD8F} = {12966F2B-5C33-32CF-95BA-9EF30A61FD8F}
		{645798F2-2412-3499-B7A3-05B22B9C5AA6} = {645798F2-2412-3499-B7A3-05B22B9C5AA6}
	EndProjectSection
EndProject
Project("{8BC9CEB8-8B4A-11D0-8D11-00A0C91BC942}") = "test_set_serializer", "tests\test_set_serializer.vcxproj", "{247397D3-5161-3A5D-8C0E-232713E07BB9}"
	ProjectSection(ProjectDependencies) = postProject
		{12966F2B-5C33-32CF-95BA-9EF30A61FD8F} = {12966F2B-5C33-32CF-95BA-9EF30A61FD8F}
		{645798F2-2412-3499-B7A3-05B22B9C5AA6} = {645798F2-2412-3499-B7A3-05B22B9C5AA6}
	EndProjectSection
EndProject
Project("{8BC9CEB8-8B4A-11D0-8D11-00A0C91BC942}") = "test_set_value", "tests\test_set_value.vcxproj", "{EBF8C6B6-C4C5-303A-806B-BE31BB930235}"
	ProjectSection(ProjectDependencies) = postProject
		{12966F2B-5C33-32CF-95BA-9EF30A61FD8F} = {12966F2B-5C33-32CF-95BA-9EF30A61FD8F}
		{645798F2-2412-3499-B7A3-05B22B9C5AA6} = {645798F2-2412-3499-B7A3-05B22B9C5AA6}
	EndProjectSection
EndProject
Project("{8BC9CEB8-8B4A-11D0-8D11-00A0C91BC942}") = "test_strerror", "tests\test_strerror.vcxproj", "{8F224A0B-A593-3EFF-8257-47B48D36041B}"
	ProjectSection(ProjectDependencies) = postProject
		{12966F2B-5C33-32CF-95BA-9EF30A61FD8F} = {12966F2B-5C33-32CF-95BA-9EF30A61FD8F}
		{645798F2-2412-3499-B7A3-05B22B9C5AA6} = {645798F2-2412-3499-B7A3-05B22B9C5AA6}
	EndProjectSection
EndProject
Project("{8BC9CEB8-8B4A-11D0-8D11-00A0C91BC942}") = "test_util_file", "tests\test_util_file.vcxproj", "{199BD601-5884-36FF-B1F2-DC61A1B06EA0}"
	ProjectSection(ProjectDependencies) = postProject
		{12966F2B-5C33-32CF-95BA-9EF30A61FD8F} = {12966F2B-5C33-32CF-95BA-9EF30A61FD8F}
		{645798F2-2412-3499-B7A3-05B22B9C5AA6} = {645798F2-2412-3499-B7A3-05B22B9C5AA6}
	EndProjectSection
EndProject
Project("{8BC9CEB8-8B4A-11D0-8D11-00A0C91BC942}") = "test_visit", "tests\test_visit.vcxproj", "{735B144A-59B0-35B9-9E14-F02BCF016EB5}"
	ProjectSection(ProjectDependencies) = postProject
		{12966F2B-5C33-32CF-95BA-9EF30A61FD8F} = {12966F2B-5C33-32CF-95BA-9EF30A61FD8F}
		{645798F2-2412-3499-B7A3-05B22B9C5AA6} = {645798F2-2412-3499-B7A3-05B22B9C5AA6}
	EndProjectSection
EndProject
Project("{8BC9CEB8-8B4A-11D0-8D11-00A0C91BC942}") = "uninstall", "uninstall.vcxproj", "{5CD3F19C-3169-331C-B7A3-AD62BC4479EF}"
	ProjectSection(ProjectDependencies) = postProject
		{12966F2B-5C33-32CF-95BA-9EF30A61FD8F} = {12966F2B-5C33-32CF-95BA-9EF30A61FD8F}
	EndProjectSection
EndProject
Global
	GlobalSection(SolutionConfigurationPlatforms) = preSolution
		Debug|Win32 = Debug|Win32
		Release|Win32 = Release|Win32
		MinSizeRel|Win32 = MinSizeRel|Win32
		RelWithDebInfo|Win32 = RelWithDebInfo|Win32
	EndGlobalSection
	GlobalSection(ProjectConfigurationPlatforms) = postSolution
		{1AFF4640-6E31-397F-8324-2571B43DD0D6}.Debug|Win32.ActiveCfg = Debug|Win32
		{1AFF4640-6E31-397F-8324-2571B43DD0D6}.Debug|Win32.Build.0 = Debug|Win32
		{1AFF4640-6E31-397F-8324-2571B43DD0D6}.Release|Win32.ActiveCfg = Release|Win32
		{1AFF4640-6E31-397F-8324-2571B43DD0D6}.Release|Win32.Build.0 = Release|Win32
		{1AFF4640-6E31-397F-8324-2571B43DD0D6}.MinSizeRel|Win32.ActiveCfg = MinSizeRel|Win32
		{1AFF4640-6E31-397F-8324-2571B43DD0D6}.MinSizeRel|Win32.Build.0 = MinSizeRel|Win32
		{1AFF4640-6E31-397F-8324-2571B43DD0D6}.RelWithDebInfo|Win32.ActiveCfg = RelWithDebInfo|Win32
		{1AFF4640-6E31-397F-8324-2571B43DD0D6}.RelWithDebInfo|Win32.Build.0 = RelWithDebInfo|Win32
		{AB301A41-3EFD-3827-B443-00F10B970C13}.Debug|Win32.ActiveCfg = Debug|Win32
		{AB301A41-3EFD-3827-B443-00F10B970C13}.Release|Win32.ActiveCfg = Release|Win32
		{AB301A41-3EFD-3827-B443-00F10B970C13}.MinSizeRel|Win32.ActiveCfg = MinSizeRel|Win32
		{AB301A41-3EFD-3827-B443-00F10B970C13}.RelWithDebInfo|Win32.ActiveCfg = RelWithDebInfo|Win32
		{D010AC94-8398-3932-8EF4-1781AA8BA149}.Debug|Win32.ActiveCfg = Debug|Win32
		{D010AC94-8398-3932-8EF4-1781AA8BA149}.Release|Win32.ActiveCfg = Release|Win32
		{D010AC94-8398-3932-8EF4-1781AA8BA149}.MinSizeRel|Win32.ActiveCfg = MinSizeRel|Win32
		{D010AC94-8398-3932-8EF4-1781AA8BA149}.RelWithDebInfo|Win32.ActiveCfg = RelWithDebInfo|Win32
		{53A3629A-DB60-394A-9240-679F174692E5}.Debug|Win32.ActiveCfg = Debug|Win32
		{53A3629A-DB60-394A-9240-679F174692E5}.Release|Win32.ActiveCfg = Release|Win32
		{53A3629A-DB60-394A-9240-679F174692E5}.MinSizeRel|Win32.ActiveCfg = MinSizeRel|Win32
		{53A3629A-DB60-394A-9240-679F174692E5}.RelWithDebInfo|Win32.ActiveCfg = RelWithDebInfo|Win32
		{E23351D9-D661-3CA2-B184-A251C2C58574}.Debug|Win32.ActiveCfg = Debug|Win32
		{E23351D9-D661-3CA2-B184-A251C2C58574}.Release|Win32.ActiveCfg = Release|Win32
		{E23351D9-D661-3CA2-B184-A251C2C58574}.MinSizeRel|Win32.ActiveCfg = MinSizeRel|Win32
		{E23351D9-D661-3CA2-B184-A251C2C58574}.RelWithDebInfo|Win32.ActiveCfg = RelWithDebInfo|Win32
		{8958CCEC-467F-37AF-9999-8A7EAB613A01}.Debug|Win32.ActiveCfg = Debug|Win32
		{8958CCEC-467F-37AF-9999-8A7EAB613A01}.Release|Win32.ActiveCfg = Release|Win32
		{8958CCEC-467F-37AF-9999-8A7EAB613A01}.MinSizeRel|Win32.ActiveCfg = MinSizeRel|Win32
		{8958CCEC-467F-37AF-9999-8A7EAB613A01}.RelWithDebInfo|Win32.ActiveCfg = RelWithDebInfo|Win32
		{86B8D037-AA35-3854-B78F-8264C4D4489F}.Debug|Win32.ActiveCfg = Debug|Win32
		{86B8D037-AA35-3854-B78F-8264C4D4489F}.Release|Win32.ActiveCfg = Release|Win32
		{86B8D037-AA35-3854-B78F-8264C4D4489F}.MinSizeRel|Win32.ActiveCfg = MinSizeRel|Win32
		{86B8D037-AA35-3854-B78F-8264C4D4489F}.RelWithDebInfo|Win32.ActiveCfg = RelWithDebInfo|Win32
		{20348E72-BA70-3F0C-8E03-D7F8D5027A4D}.Debug|Win32.ActiveCfg = Debug|Win32
		{20348E72-BA70-3F0C-8E03-D7F8D5027A4D}.Release|Win32.ActiveCfg = Release|Win32
		{20348E72-BA70-3F0C-8E03-D7F8D5027A4D}.MinSizeRel|Win32.ActiveCfg = MinSizeRel|Win32
		{20348E72-BA70-3F0C-8E03-D7F8D5027A4D}.RelWithDebInfo|Win32.ActiveCfg = RelWithDebInfo|Win32
		{12966F2B-5C33-32CF-95BA-9EF30A61FD8F}.Debug|Win32.ActiveCfg = Debug|Win32
		{12966F2B-5C33-32CF-95BA-9EF30A61FD8F}.Debug|Win32.Build.0 = Debug|Win32
		{12966F2B-5C33-32CF-95BA-9EF30A61FD8F}.Release|Win32.ActiveCfg = Release|Win32
		{12966F2B-5C33-32CF-95BA-9EF30A61FD8F}.Release|Win32.Build.0 = Release|Win32
		{12966F2B-5C33-32CF-95BA-9EF30A61FD8F}.MinSizeRel|Win32.ActiveCfg = MinSizeRel|Win32
		{12966F2B-5C33-32CF-95BA-9EF30A61FD8F}.MinSizeRel|Win32.Build.0 = MinSizeRel|Win32
		{12966F2B-5C33-32CF-95BA-9EF30A61FD8F}.RelWithDebInfo|Win32.ActiveCfg = RelWithDebInfo|Win32
		{12966F2B-5C33-32CF-95BA-9EF30A61FD8F}.RelWithDebInfo|Win32.Build.0 = RelWithDebInfo|Win32
		{928655AC-1DF7-39E9-9EFE-8FDAD299B161}.Debug|Win32.ActiveCfg = Debug|Win32
		{928655AC-1DF7-39E9-9EFE-8FDAD299B161}.Release|Win32.ActiveCfg = Release|Win32
		{928655AC-1DF7-39E9-9EFE-8FDAD299B161}.MinSizeRel|Win32.ActiveCfg = MinSizeRel|Win32
		{928655AC-1DF7-39E9-9EFE-8FDAD299B161}.RelWithDebInfo|Win32.ActiveCfg = RelWithDebInfo|Win32
		{645798F2-2412-3499-B7A3-05B22B9C5AA6}.Debug|Win32.ActiveCfg = Debug|Win32
		{645798F2-2412-3499-B7A3-05B22B9C5AA6}.Debug|Win32.Build.0 = Debug|Win32
		{645798F2-2412-3499-B7A3-05B22B9C5AA6}.Release|Win32.ActiveCfg = Release|Win32
		{645798F2-2412-3499-B7A3-05B22B9C5AA6}.Release|Win32.Build.0 = Release|Win32
		{645798F2-2412-3499-B7A3-05B22B9C5AA6}.MinSizeRel|Win32.ActiveCfg = MinSizeRel|Win32
		{645798F2-2412-3499-B7A3-05B22B9C5AA6}.MinSizeRel|Win32.Build.0 = MinSizeRel|Win32
		{645798F2-2412-3499-B7A3-05B22B9C5AA6}.RelWithDebInfo|Win32.ActiveCfg = RelWithDebInfo|Win32
		{645798F2-2412-3499-B7A3-05B22B9C5AA6}.RelWithDebInfo|Win32.Build.0 = RelWithDebInfo|Win32
		{C35FDADD-94FB-3C7E-9B1C-3DB0D870A51F}.Debug|Win32.ActiveCfg = Debug|Win32
		{C35FDADD-94FB-3C7E-9B1C-3DB0D870A51F}.Debug|Win32.Build.0 = Debug|Win32
		{C35FDADD-94FB-3C7E-9B1C-3DB0D870A51F}.Release|Win32.ActiveCfg = Release|Win32
		{C35FDADD-94FB-3C7E-9B1C-3DB0D870A51F}.Release|Win32.Build.0 = Release|Win32
		{C35FDADD-94FB-3C7E-9B1C-3DB0D870A51F}.MinSizeRel|Win32.ActiveCfg = MinSizeRel|Win32
		{C35FDADD-94FB-3C7E-9B1C-3DB0D870A51F}.MinSizeRel|Win32.Build.0 = MinSizeRel|Win32
		{C35FDADD-94FB-3C7E-9B1C-3DB0D870A51F}.RelWithDebInfo|Win32.ActiveCfg = RelWithDebInfo|Win32
		{C35FDADD-94FB-3C7E-9B1C-3DB0D870A51F}.RelWithDebInfo|Win32.Build.0 = RelWithDebInfo|Win32
		{B5E24A08-A146-3BD3-AE5F-2ACDAFD49E49}.Debug|Win32.ActiveCfg = Debug|Win32
		{B5E24A08-A146-3BD3-AE5F-2ACDAFD49E49}.Debug|Win32.Build.0 = Debug|Win32
		{B5E24A08-A146-3BD3-AE5F-2ACDAFD49E49}.Release|Win32.ActiveCfg = Release|Win32
		{B5E24A08-A146-3BD3-AE5F-2ACDAFD49E49}.Release|Win32.Build.0 = Release|Win32
		{B5E24A08-A146-3BD3-AE5F-2ACDAFD49E49}.MinSizeRel|Win32.ActiveCfg = MinSizeRel|Win32
		{B5E24A08-A146-3BD3-AE5F-2ACDAFD49E49}.MinSizeRel|Win32.Build.0 = MinSizeRel|Win32
		{B5E24A08-A146-3BD3-AE5F-2ACDAFD49E49}.RelWithDebInfo|Win32.ActiveCfg = RelWithDebInfo|Win32
		{B5E24A08-A146-3BD3-AE5F-2ACDAFD49E49}.RelWithDebInfo|Win32.Build.0 = RelWithDebInfo|Win32
		{7675A642-0607-3A24-BFBC-95B61FC55BD0}.Debug|Win32.ActiveCfg = Debug|Win32
		{7675A642-0607-3A24-BFBC-95B61FC55BD0}.Debug|Win32.Build.0 = Debug|Win32
		{7675A642-0607-3A24-BFBC-95B61FC55BD0}.Release|Win32.ActiveCfg = Release|Win32
		{7675A642-0607-3A24-BFBC-95B61FC55BD0}.Release|Win32.Build.0 = Release|Win32
		{7675A642-0607-3A24-BFBC-95B61FC55BD0}.MinSizeRel|Win32.ActiveCfg = MinSizeRel|Win32
		{7675A642-0607-3A24-BFBC-95B61FC55BD0}.MinSizeRel|Win32.Build.0 = MinSizeRel|Win32
		{7675A642-0607-3A24-BFBC-95B61FC55BD0}.RelWithDebInfo|Win32.ActiveCfg = RelWithDebInfo|Win32
		{7675A642-0607-3A24-BFBC-95B61FC55BD0}.RelWithDebInfo|Win32.Build.0 = RelWithDebInfo|Win32
		{9A3F180E-EE46-31DF-96FA-EAE07BC2D962}.Debug|Win32.ActiveCfg = Debug|Win32
		{9A3F180E-EE46-31DF-96FA-EAE07BC2D962}.Debug|Win32.Build.0 = Debug|Win32
		{9A3F180E-EE46-31DF-96FA-EAE07BC2D962}.Release|Win32.ActiveCfg = Release|Win32
		{9A3F180E-EE46-31DF-96FA-EAE07BC2D962}.Release|Win32.Build.0 = Release|Win32
		{9A3F180E-EE46-31DF-96FA-EAE07BC2D962}.MinSizeRel|Win32.ActiveCfg = MinSizeRel|Win32
		{9A3F180E-EE46-31DF-96FA-EAE07BC2D962}.MinSizeRel|Win32.Build.0 = MinSizeRel|Win32
		{9A3F180E-EE46-31DF-96FA-EAE07BC2D962}.RelWithDebInfo|Win32.ActiveCfg = RelWithDebInfo|Win32
		{9A3F180E-EE46-31DF-96FA-EAE07BC2D962}.RelWithDebInfo|Win32.Build.0 = RelWithDebInfo|Win32
		{0F58A159-BD66-3453-A950-6D74AAA6C48C}.Debug|Win32.ActiveCfg = Debug|Win32
		{0F58A159-BD66-3453-A950-6D74AAA6C48C}.Debug|Win32.Build.0 = Debug|Win32
		{0F58A159-BD66-3453-A950-6D74AAA6C48C}.Release|Win32.ActiveCfg = Release|Win32
		{0F58A159-BD66-3453-A950-6D74AAA6C48C}.Release|Win32.Build.0 = Release|Win32
		{0F58A159-BD66-3453-A950-6D74AAA6C48C}.MinSizeRel|Win32.ActiveCfg = MinSizeRel|Win32
		{0F58A159-BD66-3453-A950-6D74AAA6C48C}.MinSizeRel|Win32.Build.0 = MinSizeRel|Win32
		{0F58A159-BD66-3453-A950-6D74AAA6C48C}.RelWithDebInfo|Win32.ActiveCfg = RelWithDebInfo|Win32
		{0F58A159-BD66-3453-A950-6D74AAA6C48C}.RelWithDebInfo|Win32.Build.0 = RelWithDebInfo|Win32
		{3D96515E-2EC8-39EC-A2EC-ACAFA357BAA0}.Debug|Win32.ActiveCfg = Debug|Win32
		{3D96515E-2EC8-39EC-A2EC-ACAFA357BAA0}.Debug|Win32.Build.0 = Debug|Win32
		{3D96515E-2EC8-39EC-A2EC-ACAFA357BAA0}.Release|Win32.ActiveCfg = Release|Win32
		{3D96515E-2EC8-39EC-A2EC-ACAFA357BAA0}.Release|Win32.Build.0 = Release|Win32
		{3D96515E-2EC8-39EC-A2EC-ACAFA357BAA0}.MinSizeRel|Win32.ActiveCfg = MinSizeRel|Win32
		{3D96515E-2EC8-39EC-A2EC-ACAFA357BAA0}.MinSizeRel|Win32.Build.0 = MinSizeRel|Win32
		{3D96515E-2EC8-39EC-A2EC-ACAFA357BAA0}.RelWithDebInfo|Win32.ActiveCfg = RelWithDebInfo|Win32
		{3D96515E-2EC8-39EC-A2EC-ACAFA357BAA0}.RelWithDebInfo|Win32.Build.0 = RelWithDebInfo|Win32
		{63C0EA29-C57D-3469-9D0C-29C0628B478D}.Debug|Win32.ActiveCfg = Debug|Win32
		{63C0EA29-C57D-3469-9D0C-29C0628B478D}.Debug|Win32.Build.0 = Debug|Win32
		{63C0EA29-C57D-3469-9D0C-29C0628B478D}.Release|Win32.ActiveCfg = Release|Win32
		{63C0EA29-C57D-3469-9D0C-29C0628B478D}.Release|Win32.Build.0 = Release|Win32
		{63C0EA29-C57D-3469-9D0C-29C0628B478D}.MinSizeRel|Win32.ActiveCfg = MinSizeRel|Win32
		{63C0EA29-C57D-3469-9D0C-29C0628B478D}.MinSizeRel|Win32.Build.0 = MinSizeRel|Win32
		{63C0EA29-C57D-3469-9D0C-29C0628B478D}.RelWithDebInfo|Win32.ActiveCfg = RelWithDebInfo|Win32
		{63C0EA29-C57D-3469-9D0C-29C0628B478D}.RelWithDebInfo|Win32.Build.0 = RelWithDebInfo|Win32
		{8D3A3396-6644-3B8D-81F8-F9350F050A98}.Debug|Win32.ActiveCfg = Debug|Win32
		{8D3A3396-6644-3B8D-81F8-F9350F050A98}.Debug|Win32.Build.0 = Debug|Win32
		{8D3A3396-6644-3B8D-81F8-F9350F050A98}.Release|Win32.ActiveCfg = Release|Win32
		{8D3A3396-6644-3B8D-81F8-F9350F050A98}.Release|Win32.Build.0 = Release|Win32
		{8D3A3396-6644-3B8D-81F8-F9350F050A98}.MinSizeRel|Win32.ActiveCfg = MinSizeRel|Win32
		{8D3A3396-6644-3B8D-81F8-F9350F050A98}.MinSizeRel|Win32.Build.0 = MinSizeRel|Win32
		{8D3A3396-6644-3B8D-81F8-F9350F050A98}.RelWithDebInfo|Win32.ActiveCfg = RelWithDebInfo|Win32
		{8D3A3396-6644-3B8D-81F8-F9350F050A98}.RelWithDebInfo|Win32.Build.0 = RelWithDebInfo|Win32
		{26C8922A-34CA-3A90-87F5-D3A576867A22}.Debug|Win32.ActiveCfg = Debug|Win32
		{26C8922A-34CA-3A90-87F5-D3A576867A22}.Debug|Win32.Build.0 = Debug|Win32
		{26C8922A-34CA-3A90-87F5-D3A576867A22}.Release|Win32.ActiveCfg = Release|Win32
		{26C8922A-34CA-3A90-87F5-D3A576867A22}.Release|Win32.Build.0 = Release|Win32
		{26C8922A-34CA-3A90-87F5-D3A576867A22}.MinSizeRel|Win32.ActiveCfg = MinSizeRel|Win32
		{26C8922A-34CA-3A90-87F5-D3A576867A22}.MinSizeRel|Win32.Build.0 = MinSizeRel|Win32
		{26C8922A-34CA-3A90-87F5-D3A576867A22}.RelWithDebInfo|Win32.ActiveCfg = RelWithDebInfo|Win32
		{26C8922A-34CA-3A90-87F5-D3A576867A22}.RelWithDebInfo|Win32.Build.0 = RelWithDebInfo|Win32
		{5CDA082A-9FE2-3DB5-BD8F-EDE1594C3E69}.Debug|Win32.ActiveCfg = Debug|Win32
		{5CDA082A-9FE2-3DB5-BD8F-EDE1594C3E69}.Debug|Win32.Build.0 = Debug|Win32
		{5CDA082A-9FE2-3DB5-BD8F-EDE1594C3E69}.Release|Win32.ActiveCfg = Release|Win32
		{5CDA082A-9FE2-3DB5-BD8F-EDE1594C3E69}.Release|Win32.Build.0 = Release|Win32
		{5CDA082A-9FE2-3DB5-BD8F-EDE1594C3E69}.MinSizeRel|Win32.ActiveCfg = MinSizeRel|Win32
		{5CDA082A-9FE2-3DB5-BD8F-EDE1594C3E69}.MinSizeRel|Win32.Build.0 = MinSizeRel|Win32
		{5CDA082A-9FE2-3DB5-BD8F-EDE1594C3E69}.RelWithDebInfo|Win32.ActiveCfg = RelWithDebInfo|Win32
		{5CDA082A-9FE2-3DB5-BD8F-EDE1594C3E69}.RelWithDebInfo|Win32.Build.0 = RelWithDebInfo|Win32
		{CF6984A6-4C0C-30FC-9FE5-F7749A2D3998}.Debug|Win32.ActiveCfg = Debug|Win32
		{CF6984A6-4C0C-30FC-9FE5-F7749A2D3998}.Debug|Win32.Build.0 = Debug|Win32
		{CF6984A6-4C0C-30FC-9FE5-F7749A2D3998}.Release|Win32.ActiveCfg = Release|Win32
		{CF6984A6-4C0C-30FC-9FE5-F7749A2D3998}.Release|Win32.Build.0 = Release|Win32
		{CF6984A6-4C0C-30FC-9FE5-F7749A2D3998}.MinSizeRel|Win32.ActiveCfg = MinSizeRel|Win32
		{CF6984A6-4C0C-30FC-9FE5-F7749A2D3998}.MinSizeRel|Win32.Build.0 = MinSizeRel|Win32
		{CF6984A6-4C0C-30FC-9FE5-F7749A2D3998}.RelWithDebInfo|Win32.ActiveCfg = RelWithDebInfo|Win32
		{CF6984A6-4C0C-30FC-9FE5-F7749A2D3998}.RelWithDebInfo|Win32.Build.0 = RelWithDebInfo|Win32
		{71FB5011-0AD7-3D7F-900C-B3ED68426F99}.Debug|Win32.ActiveCfg = Debug|Win32
		{71FB5011-0AD7-3D7F-900C-B3ED68426F99}.Debug|Win32.Build.0 = Debug|Win32
		{71FB5011-0AD7-3D7F-900C-B3ED68426F99}.Release|Win32.ActiveCfg = Release|Win32
		{71FB5011-0AD7-3D7F-900C-B3ED68426F99}.Release|Win32.Build.0 = Release|Win32
		{71FB5011-0AD7-3D7F-900C-B3ED68426F99}.MinSizeRel|Win32.ActiveCfg = MinSizeRel|Win32
		{71FB5011-0AD7-3D7F-900C-B3ED68426F99}.MinSizeRel|Win32.Build.0 = MinSizeRel|Win32
		{71FB5011-0AD7-3D7F-900C-B3ED68426F99}.RelWithDebInfo|Win32.ActiveCfg = RelWithDebInfo|Win32
		{71FB5011-0AD7-3D7F-900C-B3ED68426F99}.RelWithDebInfo|Win32.Build.0 = RelWithDebInfo|Win32
		{8253E44F-F052-35B2-AAB7-FAC2BB4C3604}.Debug|Win32.ActiveCfg = Debug|Win32
		{8253E44F-F052-35B2-AAB7-FAC2BB4C3604}.Debug|Win32.Build.0 = Debug|Win32
		{8253E44F-F052-35B2-AAB7-FAC2BB4C3604}.Release|Win32.ActiveCfg = Release|Win32
		{8253E44F-F052-35B2-AAB7-FAC2BB4C3604}.Release|Win32.Build.0 = Release|Win32
		{8253E44F-F052-35B2-AAB7-FAC2BB4C3604}.MinSizeRel|Win32.ActiveCfg = MinSizeRel|Win32
		{8253E44F-F052-35B2-AAB7-FAC2BB4C3604}.MinSizeRel|Win32.Build.0 = MinSizeRel|Win32
		{8253E44F-F052-35B2-AAB7-FAC2BB4C3604}.RelWithDebInfo|Win32.ActiveCfg = RelWithDebInfo|Win32
		{8253E44F-F052-35B2-AAB7-FAC2BB4C3604}.RelWithDebInfo|Win32.Build.0 = RelWithDebInfo|Win32
		{1EFAFA19-B079-30E7-8E6C-0AF4024D25BE}.Debug|Win32.ActiveCfg = Debug|Win32
		{1EFAFA19-B079-30E7-8E6C-0AF4024D25BE}.Debug|Win32.Build.0 = Debug|Win32
		{1EFAFA19-B079-30E7-8E6C-0AF4024D25BE}.Release|Win32.ActiveCfg = Release|Win32
		{1EFAFA19-B079-30E7-8E6C-0AF4024D25BE}.Release|Win32.Build.0 = Release|Win32
		{1EFAFA19-B079-30E7-8E6C-0AF4024D25BE}.MinSizeRel|Win32.ActiveCfg = MinSizeRel|Win32
		{1EFAFA19-B079-30E7-8E6C-0AF4024D25BE}.MinSizeRel|Win32.Build.0 = MinSizeRel|Win32
		{1EFAFA19-B079-30E7-8E6C-0AF4024D25BE}.RelWithDebInfo|Win32.ActiveCfg = RelWithDebInfo|Win32
		{1EFAFA19-B079-30E7-8E6C-0AF4024D25BE}.RelWithDebInfo|Win32.Build.0 = RelWithDebInfo|Win32
		{2385F9A6-4CE0-38E6-B605-3C64F0CF4E7E}.Debug|Win32.ActiveCfg = Debug|Win32
		{2385F9A6-4CE0-38E6-B605-3C64F0CF4E7E}.Debug|Win32.Build.0 = Debug|Win32
		{2385F9A6-4CE0-38E6-B605-3C64F0CF4E7E}.Release|Win32.ActiveCfg = Release|Win32
		{2385F9A6-4CE0-38E6-B605-3C64F0CF4E7E}.Release|Win32.Build.0 = Release|Win32
		{2385F9A6-4CE0-38E6-B605-3C64F0CF4E7E}.MinSizeRel|Win32.ActiveCfg = MinSizeRel|Win32
		{2385F9A6-4CE0-38E6-B605-3C64F0CF4E7E}.MinSizeRel|Win32.Build.0 = MinSizeRel|Win32
		{2385F9A6-4CE0-38E6-B605-3C64F0CF4E7E}.RelWithDebInfo|Win32.ActiveCfg = RelWithDebInfo|Win32
		{2385F9A6-4CE0-38E6-B605-3C64F0CF4E7E}.RelWithDebInfo|Win32.Build.0 = RelWithDebInfo|Win32
		{ED6811E7-7887-3687-86B1-28FA7083B0D7}.Debug|Win32.ActiveCfg = Debug|Win32
		{ED6811E7-7887-3687-86B1-28FA7083B0D7}.Debug|Win32.Build.0 = Debug|Win32
		{ED6811E7-7887-3687-86B1-28FA7083B0D7}.Release|Win32.ActiveCfg = Release|Win32
		{ED6811E7-7887-3687-86B1-28FA7083B0D7}.Release|Win32.Build.0 = Release|Win32
		{ED6811E7-7887-3687-86B1-28FA7083B0D7}.MinSizeRel|Win32.ActiveCfg = MinSizeRel|Win32
		{ED6811E7-7887-3687-86B1-28FA7083B0D7}.MinSizeRel|Win32.Build.0 = MinSizeRel|Win32
		{ED6811E7-7887-3687-86B1-28FA7083B0D7}.RelWithDebInfo|Win32.ActiveCfg = RelWithDebInfo|Win32
		{ED6811E7-7887-3687-86B1-28FA7083B0D7}.RelWithDebInfo|Win32.Build.0 = RelWithDebInfo|Win32
		{D5CA8A4E-8A9E-3E6D-8C79-6525BC7A4FA9}.Debug|Win32.ActiveCfg = Debug|Win32
		{D5CA8A4E-8A9E-3E6D-8C79-6525BC7A4FA9}.Debug|Win32.Build.0 = Debug|Win32
		{D5CA8A4E-8A9E-3E6D-8C79-6525BC7A4FA9}.Release|Win32.ActiveCfg = Release|Win32
		{D5CA8A4E-8A9E-3E6D-8C79-6525BC7A4FA9}.Release|Win32.Build.0 = Release|Win32
		{D5CA8A4E-8A9E-3E6D-8C79-6525BC7A4FA9}.MinSizeRel|Win32.ActiveCfg = MinSizeRel|Win32
		{D5CA8A4E-8A9E-3E6D-8C79-6525BC7A4FA9}.MinSizeRel|Win32.Build.0 = MinSizeRel|Win32
		{D5CA8A4E-8A9E-3E6D-8C79-6525BC7A4FA9}.RelWithDebInfo|Win32.ActiveCfg = RelWithDebInfo|Win32
		{D5CA8A4E-8A9E-3E6D-8C79-6525BC7A4FA9}.RelWithDebInfo|Win32.Build.0 = RelWithDebInfo|Win32
		{642A7537-299B-322E-BE35-DF3292C59FD2}.Debug|Win32.ActiveCfg = Debug|Win32
		{642A7537-299B-322E-BE35-DF3292C59FD2}.Debug|Win32.Build.0 = Debug|Win32
		{642A7537-299B-322E-BE35-DF3292C59FD2}.Release|Win32.ActiveCfg = Release|Win32
		{642A7537-299B-322E-BE35-DF3292C59FD2}.Release|Win32.Build.0 = Release|Win32
		{642A7537-299B-322E-BE35-DF3292C59FD2}.MinSizeRel|Win32.ActiveCfg = MinSizeRel|Win32
		{642A7537-299B-322E-BE35-DF3292C59FD2}.MinSizeRel|Win32.Build.0 = MinSizeRel|Win32
		{642A7537-299B-322E-BE35-DF3292C59FD2}.RelWithDebInfo|Win32.ActiveCfg = RelWithDebInfo|Win32
		{642A7537-299B-322E-BE35-DF3292C59FD2}.RelWithDebInfo|Win32.Build.0 = RelWithDebInfo|Win32
		{C531E3E3-7149-3BE4-9848-1AD0CF66D50A}.Debug|Win32.ActiveCfg = Debug|Win32
		{C531E3E3-7149-3BE4-9848-1AD0CF66D50A}.Debug|Win32.Build.0 = Debug|Win32
		{C531E3E3-7149-3BE4-9848-1AD0CF66D50A}.Release|Win32.ActiveCfg = Release|Win32
		{C531E3E3-7149-3BE4-9848-1AD0CF66D50A}.Release|Win32.Build.0 = Release|Win32
		{C531E3E3-7149-3BE4-9848-1AD0CF66D50A}.MinSizeRel|Win32.ActiveCfg = MinSizeRel|Win32
		{C531E3E3-7149-3BE4-9848-1AD0CF66D50A}.MinSizeRel|Win32.Build.0 = MinSizeRel|Win32
		{C531E3E3-7149-3BE4-9848-1AD0CF66D50A}.RelWithDebInfo|Win32.ActiveCfg = RelWithDebInfo|Win32
		{C531E3E3-7149-3BE4-9848-1AD0CF66D50A}.RelWithDebInfo|Win32.Build.0 = RelWithDebInfo|Win32
		{BAC7E03A-D395-3B2A-B1EC-530C19307CFA}.Debug|Win32.ActiveCfg = Debug|Win32
		{BAC7E03A-D395-3B2A-B1EC-530C19307CFA}.Debug|Win32.Build.0 = Debug|Win32
		{BAC7E03A-D395-3B2A-B1EC-530C19307CFA}.Release|Win32.ActiveCfg = Release|Win32
		{BAC7E03A-D395-3B2A-B1EC-530C19307CFA}.Release|Win32.Build.0 = Release|Win32
		{BAC7E03A-D395-3B2A-B1EC-530C19307CFA}.MinSizeRel|Win32.ActiveCfg = MinSizeRel|Win32
		{BAC7E03A-D395-3B2A-B1EC-530C19307CFA}.MinSizeRel|Win32.Build.0 = MinSizeRel|Win32
		{BAC7E03A-D395-3B2A-B1EC-530C19307CFA}.RelWithDebInfo|Win32.ActiveCfg = RelWithDebInfo|Win32
		{BAC7E03A-D395-3B2A-B1EC-530C19307CFA}.RelWithDebInfo|Win32.Build.0 = RelWithDebInfo|Win32
		{1DD85774-9875-3894-91AF-74AAD85F078C}.Debug|Win32.ActiveCfg = Debug|Win32
		{1DD85774-9875-3894-91AF-74AAD85F078C}.Debug|Win32.Build.0 = Debug|Win32
		{1DD85774-9875-3894-91AF-74AAD85F078C}.Release|Win32.ActiveCfg = Release|Win32
		{1DD85774-9875-3894-91AF-74AAD85F078C}.Release|Win32.Build.0 = Release|Win32
		{1DD85774-9875-3894-91AF-74AAD85F078C}.MinSizeRel|Win32.ActiveCfg = MinSizeRel|Win32
		{1DD85774-9875-3894-91AF-74AAD85F078C}.MinSizeRel|Win32.Build.0 = MinSizeRel|Win32
		{1DD85774-9875-3894-91AF-74AAD85F078C}.RelWithDebInfo|Win32.ActiveCfg = RelWithDebInfo|Win32
		{1DD85774-9875-3894-91AF-74AAD85F078C}.RelWithDebInfo|Win32.Build.0 = RelWithDebInfo|Win32
		{247397D3-5161-3A5D-8C0E-232713E07BB9}.Debug|Win32.ActiveCfg = Debug|Win32
		{247397D3-5161-3A5D-8C0E-232713E07BB9}.Debug|Win32.Build.0 = Debug|Win32
		{247397D3-5161-3A5D-8C0E-232713E07BB9}.Release|Win32.ActiveCfg = Release|Win32
		{247397D3-5161-3A5D-8C0E-232713E07BB9}.Release|Win32.Build.0 = Release|Win32
		{247397D3-5161-3A5D-8C0E-232713E07BB9}.MinSizeRel|Win32.ActiveCfg = MinSizeRel|Win32
		{247397D3-5161-3A5D-8C0E-232713E07BB9}.MinSizeRel|Win32.Build.0 = MinSizeRel|Win32
		{247397D3-5161-3A5D-8C0E-232713E07BB9}.RelWithDebInfo|Win32.ActiveCfg = RelWithDebInfo|Win32
		{247397D3-5161-3A5D-8C0E-232713E07BB9}.RelWithDebInfo|Win32.Build.0 = RelWithDebInfo|Win32
		{EBF8C6B6-C4C5-303A-806B-BE31BB930235}.Debug|Win32.ActiveCfg = Debug|Win32
		{EBF8C6B6-C4C5-303A-806B-BE31BB930235}.Debug|Win32.Build.0 = Debug|Win32
		{EBF8C6B6-C4C5-303A-806B-BE31BB930235}.Release|Win32.ActiveCfg = Release|Win32
		{EBF8C6B6-C4C5-303A-806B-BE31BB930235}.Release|Win32.Build.0 = Release|Win32
		{EBF8C6B6-C4C5-303A-806B-BE31BB930235}.MinSizeRel|Win32.ActiveCfg = MinSizeRel|Win32
		{EBF8C6B6-C4C5-303A-806B-BE31BB930235}.MinSizeRel|Win32.Build.0 = MinSizeRel|Win32
		{EBF8C6B6-C4C5-303A-806B-BE31BB930235}.RelWithDebInfo|Win32.ActiveCfg = RelWithDebInfo|Win32
		{EBF8C6B6-C4C5-303A-806B-BE31BB930235}.RelWithDebInfo|Win32.Build.0 = RelWithDebInfo|Win32
		{8F224A0B-A593-3EFF-8257-47B48D36041B}.Debug|Win32.ActiveCfg = Debug|Win32
		{8F224A0B-A593-3EFF-8257-47B48D36041B}.Debug|Win32.Build.0 = Debug|Win32
		{8F224A0B-A593-3EFF-8257-47B48D36041B}.Release|Win32.ActiveCfg = Release|Win32
		{8F224A0B-A593-3EFF-8257-47B48D36041B}.Release|Win32.Build.0 = Release|Win32
		{8F224A0B-A593-3EFF-8257-47B48D36041B}.MinSizeRel|Win32.ActiveCfg = MinSizeRel|Win32
		{8F224A0B-A593-3EFF-8257-47B48D36041B}.MinSizeRel|Win32.Build.0 = MinSizeRel|Win32
		{8F224A0B-A593-3EFF-8257-47B48D36041B}.RelWithDebInfo|Win32.ActiveCfg = RelWithDebInfo|Win32
		{8F224A0B-A593-3EFF-8257-47B48D36041B}.RelWithDebInfo|Win32.Build.0 = RelWithDebInfo|Win32
		{199BD601-5884-36FF-B1F2-DC61A1B06EA0}.Debug|Win32.ActiveCfg = Debug|Win32
		{199BD601-5884-36FF-B1F2-DC61A1B06EA0}.Debug|Win32.Build.0 = Debug|Win32
		{199BD601-5884-36FF-B1F2-DC61A1B06EA0}.Release|Win32.ActiveCfg = Release|Win32
		{199BD601-5884-36FF-B1F2-DC61A1B06EA0}.Release|Win32.Build.0 = Release|Win32
		{199BD601-5884-36FF-B1F2-DC61A1B06EA0}.MinSizeRel|Win32.ActiveCfg = MinSizeRel|Win32
		{199BD601-5884-36FF-B1F2-DC61A1B06EA0}.MinSizeRel|Win32.Build.0 = MinSizeRel|Win32
		{199BD601-5884-36FF-B1F2-DC61A1B06EA0}.RelWithDebInfo|Win32.ActiveCfg = RelWithDebInfo|Win32
		{199BD601-5884-36FF-B1F2-DC61A1B06EA0}.RelWithDebInfo|Win32.Build.0 = RelWithDebInfo|Win32
		{735B144A-59B0-35B9-9E14-F02BCF016EB5}.Debug|Win32.ActiveCfg = Debug|Win32
		{735B144A-59B0-35B9-9E14-F02BCF016EB5}.Debug|Win32.Build.0 = Debug|Win32
		{735B144A-59B0-35B9-9E14-F02BCF016EB5}.Release|Win32.ActiveCfg = Release|Win32
		{735B144A-59B0-35B9-9E14-F02BCF016EB5}.Release|Win32.Build.0 = Release|Win32
		{735B144A-59B0-35B9-9E14-F02BCF016EB5}.MinSizeRel|Win32.ActiveCfg = MinSizeRel|Win32
		{735B144A-59B0-35B9-9E14-F02BCF016EB5}.MinSizeRel|Win32.Build.0 = MinSizeRel|Win32
		{735B144A-59B0-35B9-9E14-F02BCF016EB5}.RelWithDebInfo|Win32.ActiveCfg = RelWithDebInfo|Win32
		{735B144A-59B0-35B9-9E14-F02BCF016EB5}.RelWithDebInfo|Win32.Build.0 = RelWithDebInfo|Win32
		{5CD3F19C-3169-331C-B7A3-AD62BC4479EF}.Debug|Win32.ActiveCfg = Debug|Win32
		{5CD3F19C-3169-331C-B7A3-AD62BC4479EF}.Release|Win32.ActiveCfg = Release|Win32
		{5CD3F19C-3169-331C-B7A3-AD62BC4479EF}.MinSizeRel|Win32.ActiveCfg = MinSizeRel|Win32
		{5CD3F19C-3169-331C-B7A3-AD62BC4479EF}.RelWithDebInfo|Win32.ActiveCfg = RelWithDebInfo|Win32
	EndGlobalSection
	GlobalSection(ExtensibilityGlobals) = postSolution
		SolutionGuid = {AC17BD54-909C-36FD-90CA-AD918E0E8253}
	EndGlobalSection
	GlobalSection(ExtensibilityAddIns) = postSolution
	EndGlobalSection
EndGlobal
