<?xml version="1.0" encoding="utf-8"?>
<Project ToolsVersion="14.0" xmlns="http://schemas.microsoft.com/developer/msbuild/2003">
  <ItemGroup>
    <ClCompile Include="C:\Users\Vitor\Documents\GitHub\posAppSim\json-c\tests\test2.c">
      <Filter>Source Files</Filter>
    </ClCompile>
    <ClCompile Include="C:\Users\Vitor\Documents\GitHub\posAppSim\json-c\tests\parse_flags.c">
      <Filter>Source Files</Filter>
    </ClCompile>
  </ItemGroup>
  <ItemGroup>
    <ClInclude Include="C:\Users\Vitor\Documents\GitHub\posAppSim\json-c\tests\parse_flags.h">
      <Filter>Header Files</Filter>
    </ClInclude>
  </ItemGroup>
  <ItemGroup>
    <CustomBuild Include="C:\Users\Vitor\Documents\GitHub\posAppSim\json-c\tests\CMakeLists.txt" />
  </ItemGroup>
  <ItemGroup>
    <Filter Include="Header Files">
      <UniqueIdentifier>{3DBE5380-49F5-30CA-A771-08CB7E3CFDF8}</UniqueIdentifier>
    </Filter>
    <Filter Include="Source Files">
      <UniqueIdentifier>{AA402165-1D93-3FE5-8219-C8072C478D1E}</UniqueIdentifier>
    </Filter>
  </ItemGroup>
</Project>
